
Microsoft Visual Studio Solution File, Format Version 12.00
# Visual Studio Version 17
VisualStudioVersion = 17.4.33213.308
MinimumVisualStudioVersion = 10.0.40219.1
Project("{FAE04EC0-301F-11D3-BF4B-00C04F79EFBC}") = "modul6_1302210044", "modul6_1302210044\modul6_1302210044.csproj", "{09B921A5-1671-43B4-BCF7-CED2905E9D79}"
EndProject
Global
	GlobalSection(SolutionConfigurationPlatforms) = preSolution
		Debug|Any CPU = Debug|Any CPU
		Release|Any CPU = Release|Any CPU
	EndGlobalSection
	GlobalSection(ProjectConfigurationPlatforms) = postSolution
		{09B921A5-1671-43B4-BCF7-CED2905E9D79}.Debug|Any CPU.ActiveCfg = Debug|Any CPU
		{09B921A5-1671-43B4-BCF7-CED2905E9D79}.Debug|Any CPU.Build.0 = Debug|Any CPU
		{09B921A5-1671-43B4-BCF7-CED2905E9D79}.Release|Any CPU.ActiveCfg = Release|Any CPU
		{09B921A5-1671-43B4-BCF7-CED2905E9D79}.Release|Any CPU.Build.0 = Release|Any CPU
	EndGlobalSection
	GlobalSection(SolutionProperties) = preSolution
		HideSolutionNode = FALSE
	EndGlobalSection
	GlobalSection(ExtensibilityGlobals) = postSolution
		SolutionGuid = {FC54083B-8BC4-4C83-BA9C-C0356C98835F}
	EndGlobalSection
EndGlobal
